
Microsoft Visual Studio Solution File, Format Version 12.00
# Visual Studio 15
VisualStudioVersion = 15.0.27130.2027
MinimumVisualStudioVersion = 10.0.40219.1
Project("{FAE04EC0-301F-11D3-BF4B-00C04F79EFBC}") = "Lab005", "Lab005\Lab005.csproj", "{D24B5B49-46CF-4EEF-BFBC-49270B6694C7}"
EndProject
Global
	GlobalSection(SolutionConfigurationPlatforms) = preSolution
		Debug|Any CPU = Debug|Any CPU
		Release|Any CPU = Release|Any CPU
	EndGlobalSection
	GlobalSection(ProjectConfigurationPlatforms) = postSolution
		{D24B5B49-46CF-4EEF-BFBC-49270B6694C7}.Debug|Any CPU.ActiveCfg = Debug|Any CPU
		{D24B5B49-46CF-4EEF-BFBC-49270B6694C7}.Debug|Any CPU.Build.0 = Debug|Any CPU
		{D24B5B49-46CF-4EEF-BFBC-49270B6694C7}.Release|Any CPU.ActiveCfg = Release|Any CPU
		{D24B5B49-46CF-4EEF-BFBC-49270B6694C7}.Release|Any CPU.Build.0 = Release|Any CPU
	EndGlobalSection
	GlobalSection(SolutionProperties) = preSolution
		HideSolutionNode = FALSE
	EndGlobalSection
	GlobalSection(ExtensibilityGlobals) = postSolution
		SolutionGuid = {993C6FCE-6BA1-426A-9503-068BD9337429}
	EndGlobalSection
EndGlobal
